
Microsoft Visual Studio Solution File, Format Version 12.00
# Visual Studio Version 17
VisualStudioVersion = 17.9.34902.65
MinimumVisualStudioVersion = 10.0.40219.1
Project("{FAE04EC0-301F-11D3-BF4B-00C04F79EFBC}") = "KazanSession5Api", "KazanSession5Api\KazanSession5Api.csproj", "{A773F1DB-7CF2-45DE-8EEA-E1233976D9D0}"
EndProject
Global
	GlobalSection(SolutionConfigurationPlatforms) = preSolution
		Debug|Any CPU = Debug|Any CPU
		Release|Any CPU = Release|Any CPU
	EndGlobalSection
	GlobalSection(ProjectConfigurationPlatforms) = postSolution
		{A773F1DB-7CF2-45DE-8EEA-E1233976D9D0}.Debug|Any CPU.ActiveCfg = Debug|Any CPU
		{A773F1DB-7CF2-45DE-8EEA-E1233976D9D0}.Debug|Any CPU.Build.0 = Debug|Any CPU
		{A773F1DB-7CF2-45DE-8EEA-E1233976D9D0}.Release|Any CPU.ActiveCfg = Release|Any CPU
		{A773F1DB-7CF2-45DE-8EEA-E1233976D9D0}.Release|Any CPU.Build.0 = Release|Any CPU
	EndGlobalSection
	GlobalSection(SolutionProperties) = preSolution
		HideSolutionNode = FALSE
	EndGlobalSection
	GlobalSection(ExtensibilityGlobals) = postSolution
		SolutionGuid = {F2D3A2A6-424C-4521-BB96-48FAEFB4A56A}
	EndGlobalSection
EndGlobal
